<?xml version="1.0" encoding="utf-8"?>
<Project ToolsVersion="4.0" xmlns="http://schemas.microsoft.com/developer/msbuild/2003">
  <ItemGroup>
    <Filter Include="Renderer">
      <UniqueIdentifier>{76e8116c-c464-4045-b008-61ab3edbbb5b}</UniqueIdentifier>
    </Filter>
    <Filter Include="Entities">
      <UniqueIdentifier>{f86e3e33-c45d-41de-95f6-40e7b141402c}</UniqueIdentifier>
    </Filter>
    <Filter Include="Game">
      <UniqueIdentifier>{4c1e85ba-76d7-4b97-96a9-c9e79f28e29d}</UniqueIdentifier>
    </Filter>
  </ItemGroup>
  <ItemGroup>
    <ClCompile Include="..\source\tunguska\Collision.cpp" />
    <ClCompile Include="..\source\tunguska\Common.cpp" />
    <ClCompile Include="..\source\tunguska\Entity.cpp" />
    <ClCompile Include="..\source\tunguska\Game.cpp" />
    <ClCompile Include="..\source\tunguska\Input.cpp" />
    <ClCompile Include="..\source\tunguska\Main.cpp" />
    <ClCompile Include="..\source\tunguska\Renderer\Shader.cpp">
      <Filter>Renderer</Filter>
    </ClCompile>
    <ClCompile Include="..\source\tunguska\Renderer\Sprite.cpp">
      <Filter>Renderer</Filter>
    </ClCompile>
    <ClCompile Include="..\source\tunguska\Renderer\SpriteRenderer.cpp">
      <Filter>Renderer</Filter>
    </ClCompile>
    <ClCompile Include="..\source\tunguska\Renderer\Texture.cpp">
      <Filter>Renderer</Filter>
    </ClCompile>
    <ClCompile Include="..\source\tunguska\Entities\Switch.cpp">
      <Filter>Entities</Filter>
    </ClCompile>
    <ClCompile Include="..\source\tunguska\ResourceManager.cpp" />
    <ClCompile Include="..\source\tunguska\Scene.cpp" />
    <ClCompile Include="..\source\tunguska\Renderer\Camera.cpp">
      <Filter>Renderer</Filter>
    </ClCompile>
    <ClCompile Include="..\source\tunguska\Renderer\Renderer.cpp">
      <Filter>Renderer</Filter>
    </ClCompile>
    <ClCompile Include="..\source\tunguska\Renderer\RenderTarget.cpp">
      <Filter>Renderer</Filter>
    </ClCompile>
    <ClCompile Include="..\source\tunguska\Entities\Radar.cpp">
      <Filter>Entities</Filter>
    </ClCompile>
    <ClCompile Include="..\source\tunguska\Game\ExteriorEntity.cpp">
      <Filter>Game</Filter>
    </ClCompile>
  </ItemGroup>
  <ItemGroup>
    <ClInclude Include="..\source\tunguska\Collision.h" />
    <ClInclude Include="..\source\tunguska\Common.h" />
    <ClInclude Include="..\source\tunguska\Entity.h" />
    <ClInclude Include="..\source\tunguska\Game.h" />
    <ClInclude Include="..\source\tunguska\Input.h" />
    <ClInclude Include="..\source\tunguska\Renderer\Shader.h">
      <Filter>Renderer</Filter>
    </ClInclude>
    <ClInclude Include="..\source\tunguska\Renderer\Sprite.h">
      <Filter>Renderer</Filter>
    </ClInclude>
    <ClInclude Include="..\source\tunguska\Renderer\SpriteRenderer.h">
      <Filter>Renderer</Filter>
    </ClInclude>
    <ClInclude Include="..\source\tunguska\Renderer\Texture.h">
      <Filter>Renderer</Filter>
    </ClInclude>
    <ClInclude Include="..\source\tunguska\Entities\Switch.h">
      <Filter>Entities</Filter>
    </ClInclude>
    <ClInclude Include="..\source\tunguska\ResourceManager.h" />
    <ClInclude Include="..\source\tunguska\Scene.h" />
    <ClInclude Include="..\source\tunguska\Renderer\Camera.h">
      <Filter>Renderer</Filter>
    </ClInclude>
    <ClInclude Include="..\source\tunguska\Renderer\Renderer.h">
      <Filter>Renderer</Filter>
    </ClInclude>
    <ClInclude Include="..\source\tunguska\Renderer\RenderTarget.h">
      <Filter>Renderer</Filter>
    </ClInclude>
    <ClInclude Include="..\source\tunguska\Entities\Radar.h">
      <Filter>Entities</Filter>
    </ClInclude>
    <ClInclude Include="..\source\tunguska\Game\ExteriorEntity.h">
      <Filter>Game</Filter>
    </ClInclude>
  </ItemGroup>
</Project>